
Microsoft Visual Studio Solution File, Format Version 11.00
# Visual C# Express 2010
Project("{FAE04EC0-301F-11D3-BF4B-00C04F79EFBC}") = "l2calt", "l2calt\l2calt.csproj", "{7E15AE2A-1C79-4B0D-8E80-3C4A61BB5FCA}"
EndProject
Global
	GlobalSection(SolutionConfigurationPlatforms) = preSolution
		Debug|x86 = Debug|x86
		Release|x86 = Release|x86
	EndGlobalSection
	GlobalSection(ProjectConfigurationPlatforms) = postSolution
		{7E15AE2A-1C79-4B0D-8E80-3C4A61BB5FCA}.Debug|x86.ActiveCfg = Debug|x86
		{7E15AE2A-1C79-4B0D-8E80-3C4A61BB5FCA}.Debug|x86.Build.0 = Debug|x86
		{7E15AE2A-1C79-4B0D-8E80-3C4A61BB5FCA}.Release|x86.ActiveCfg = Release|x86
		{7E15AE2A-1C79-4B0D-8E80-3C4A61BB5FCA}.Release|x86.Build.0 = Release|x86
	EndGlobalSection
	GlobalSection(SolutionProperties) = preSolution
		HideSolutionNode = FALSE
	EndGlobalSection
EndGlobal
